
Microsoft Visual Studio Solution File, Format Version 12.00
# Visual Studio 15
VisualStudioVersion = 15.0.28307.271
MinimumVisualStudioVersion = 10.0.40219.1
Project("{FAE04EC0-301F-11D3-BF4B-00C04F79EFBC}") = "PokerWebApi", "PokerWebApi\PokerWebApi.csproj", "{AAFD0EA8-5F02-4FFF-8344-6D9390DA1A1E}"
EndProject
Global
	GlobalSection(SolutionConfigurationPlatforms) = preSolution
		Debug|Any CPU = Debug|Any CPU
		Release|Any CPU = Release|Any CPU
	EndGlobalSection
	GlobalSection(ProjectConfigurationPlatforms) = postSolution
		{AAFD0EA8-5F02-4FFF-8344-6D9390DA1A1E}.Debug|Any CPU.ActiveCfg = Debug|Any CPU
		{AAFD0EA8-5F02-4FFF-8344-6D9390DA1A1E}.Debug|Any CPU.Build.0 = Debug|Any CPU
		{AAFD0EA8-5F02-4FFF-8344-6D9390DA1A1E}.Release|Any CPU.ActiveCfg = Release|Any CPU
		{AAFD0EA8-5F02-4FFF-8344-6D9390DA1A1E}.Release|Any CPU.Build.0 = Release|Any CPU
	EndGlobalSection
	GlobalSection(SolutionProperties) = preSolution
		HideSolutionNode = FALSE
	EndGlobalSection
	GlobalSection(ExtensibilityGlobals) = postSolution
		SolutionGuid = {87495D0E-9FF4-4B2A-8D21-0AA7B4BF8F49}
	EndGlobalSection
EndGlobal
